# This file was autogenerated by Stack.
# You should not edit this file by hand.
# For more information, please see the documentation at:
#   https://docs.haskellstack.org/en/stable/lock_files

packages: []
snapshots:
- completed:
    sha256: cfd4536710fbd0ee992ba694f7229bb2a3e3d9f7e084c2524faed472c4bdbee3
    size: 632121
    url: https://raw.githubusercontent.com/commercialhaskell/stackage-snapshots/master/nightly/2023/5/31.yaml
  original: nightly-2023-05-31
